
Microsoft Visual Studio Solution File, Format Version 12.00
# Visual Studio Version 16
VisualStudioVersion = 16.0.33214.272
MinimumVisualStudioVersion = 10.0.40219.1
Project("{FAE04EC0-301F-11D3-BF4B-00C04F79EFBC}") = "Aula02Atividade", "Aula02Atividade\Aula02Atividade.csproj", "{C458CF31-8B6A-4069-BF95-463963110598}"
EndProject
Global
	GlobalSection(SolutionConfigurationPlatforms) = preSolution
		Debug|Any CPU = Debug|Any CPU
		Release|Any CPU = Release|Any CPU
	EndGlobalSection
	GlobalSection(ProjectConfigurationPlatforms) = postSolution
		{C458CF31-8B6A-4069-BF95-463963110598}.Debug|Any CPU.ActiveCfg = Debug|Any CPU
		{C458CF31-8B6A-4069-BF95-463963110598}.Debug|Any CPU.Build.0 = Debug|Any CPU
		{C458CF31-8B6A-4069-BF95-463963110598}.Release|Any CPU.ActiveCfg = Release|Any CPU
		{C458CF31-8B6A-4069-BF95-463963110598}.Release|Any CPU.Build.0 = Release|Any CPU
	EndGlobalSection
	GlobalSection(SolutionProperties) = preSolution
		HideSolutionNode = FALSE
	EndGlobalSection
	GlobalSection(ExtensibilityGlobals) = postSolution
		SolutionGuid = {B8F9565C-B014-4FFC-8634-9D4866604E53}
	EndGlobalSection
EndGlobal
